
Microsoft Visual Studio Solution File, Format Version 12.00
# Visual Studio Version 17
VisualStudioVersion = 17.5.002.0
MinimumVisualStudioVersion = 10.0.40219.1
Project("{9A19103F-16F7-4668-BE54-9A1E7A4F7556}") = "HigherOrLowerGame", "HigherOrLowerGame.csproj", "{2D2B933A-7480-497A-A90B-B6CB5F5D2196}"
EndProject
Global
	GlobalSection(SolutionConfigurationPlatforms) = preSolution
		Debug|Any CPU = Debug|Any CPU
		Release|Any CPU = Release|Any CPU
	EndGlobalSection
	GlobalSection(ProjectConfigurationPlatforms) = postSolution
		{2D2B933A-7480-497A-A90B-B6CB5F5D2196}.Debug|Any CPU.ActiveCfg = Debug|Any CPU
		{2D2B933A-7480-497A-A90B-B6CB5F5D2196}.Debug|Any CPU.Build.0 = Debug|Any CPU
		{2D2B933A-7480-497A-A90B-B6CB5F5D2196}.Release|Any CPU.ActiveCfg = Release|Any CPU
		{2D2B933A-7480-497A-A90B-B6CB5F5D2196}.Release|Any CPU.Build.0 = Release|Any CPU
	EndGlobalSection
	GlobalSection(SolutionProperties) = preSolution
		HideSolutionNode = FALSE
	EndGlobalSection
	GlobalSection(ExtensibilityGlobals) = postSolution
		SolutionGuid = {ED4DC851-24F9-41AE-8664-4401F36C43F6}
	EndGlobalSection
EndGlobal
